
Microsoft Visual Studio Solution File, Format Version 12.00
# Visual Studio Version 16
VisualStudioVersion = 16.0.29609.76
MinimumVisualStudioVersion = 10.0.40219.1
Project("{9A19103F-16F7-4668-BE54-9A1E7A4F7556}") = "MultiplayServer", "MultiplayServer.csproj", "{789ACB77-7924-4BD4-AE12-901DA4ADB445}"
EndProject
Global
	GlobalSection(SolutionConfigurationPlatforms) = preSolution
		Debug|Any CPU = Debug|Any CPU
		Release|Any CPU = Release|Any CPU
	EndGlobalSection
	GlobalSection(ProjectConfigurationPlatforms) = postSolution
		{789ACB77-7924-4BD4-AE12-901DA4ADB445}.Debug|Any CPU.ActiveCfg = Debug|Any CPU
		{789ACB77-7924-4BD4-AE12-901DA4ADB445}.Debug|Any CPU.Build.0 = Debug|Any CPU
		{789ACB77-7924-4BD4-AE12-901DA4ADB445}.Release|Any CPU.ActiveCfg = Release|Any CPU
		{789ACB77-7924-4BD4-AE12-901DA4ADB445}.Release|Any CPU.Build.0 = Release|Any CPU
	EndGlobalSection
	GlobalSection(SolutionProperties) = preSolution
		HideSolutionNode = FALSE
	EndGlobalSection
	GlobalSection(ExtensibilityGlobals) = postSolution
		SolutionGuid = {45EEB30E-B5D5-4936-B54F-603980D973A7}
	EndGlobalSection
EndGlobal
